
Microsoft Visual Studio Solution File, Format Version 12.00
# Visual Studio Version 16
VisualStudioVersion = 16.0.30011.22
MinimumVisualStudioVersion = 10.0.40219.1
Project("{FAE04EC0-301F-11D3-BF4B-00C04F79EFBC}") = "OOTB - OutlookWebAddIn3", "OOTB - OutlookWebAddIn3\OOTB - OutlookWebAddIn3.csproj", "{5F61637F-212C-4473-9DA7-6524D799A706}"
EndProject
Project("{FAE04EC0-301F-11D3-BF4B-00C04F79EFBC}") = "OOTB - OutlookWebAddIn3Web", "OOTB - OutlookWebAddIn3Web\OOTB - OutlookWebAddIn3Web.csproj", "{AA84A4E7-8F0F-40C3-9423-7B091C5AD574}"
EndProject
Global
	GlobalSection(SolutionConfigurationPlatforms) = preSolution
		Debug|Any CPU = Debug|Any CPU
		Release|Any CPU = Release|Any CPU
	EndGlobalSection
	GlobalSection(ProjectConfigurationPlatforms) = postSolution
		{5F61637F-212C-4473-9DA7-6524D799A706}.Debug|Any CPU.ActiveCfg = Debug|Any CPU
		{5F61637F-212C-4473-9DA7-6524D799A706}.Debug|Any CPU.Build.0 = Debug|Any CPU
		{5F61637F-212C-4473-9DA7-6524D799A706}.Debug|Any CPU.Deploy.0 = Debug|Any CPU
		{5F61637F-212C-4473-9DA7-6524D799A706}.Release|Any CPU.ActiveCfg = Release|Any CPU
		{5F61637F-212C-4473-9DA7-6524D799A706}.Release|Any CPU.Build.0 = Release|Any CPU
		{5F61637F-212C-4473-9DA7-6524D799A706}.Release|Any CPU.Deploy.0 = Release|Any CPU
		{AA84A4E7-8F0F-40C3-9423-7B091C5AD574}.Debug|Any CPU.ActiveCfg = Debug|Any CPU
		{AA84A4E7-8F0F-40C3-9423-7B091C5AD574}.Debug|Any CPU.Build.0 = Debug|Any CPU
		{AA84A4E7-8F0F-40C3-9423-7B091C5AD574}.Release|Any CPU.ActiveCfg = Release|Any CPU
		{AA84A4E7-8F0F-40C3-9423-7B091C5AD574}.Release|Any CPU.Build.0 = Release|Any CPU
	EndGlobalSection
	GlobalSection(SolutionProperties) = preSolution
		HideSolutionNode = FALSE
	EndGlobalSection
	GlobalSection(ExtensibilityGlobals) = postSolution
		SolutionGuid = {DD06AB4D-3ECF-4A55-8BDF-3B45E3290973}
	EndGlobalSection
EndGlobal
